
Microsoft Visual Studio Solution File, Format Version 12.00
# Visual Studio Version 16
VisualStudioVersion = 16.0.29806.167
MinimumVisualStudioVersion = 10.0.40219.1
Project("{8BC9CEB8-8B4A-11D0-8D11-00A0C91BC942}") = "i7540dserialadapter", "i7540dserialadapter.vcxproj", "{8B5A0799-A924-3B96-A2B9-1B626C212AF7}"
EndProject
Global
	GlobalSection(SolutionConfigurationPlatforms) = preSolution
		Debug|x64 = Debug|x64
		Release|x64 = Release|x64
	EndGlobalSection
	GlobalSection(ProjectConfigurationPlatforms) = postSolution
		{8B5A0799-A924-3B96-A2B9-1B626C212AF7}.Debug|x64.ActiveCfg = Debug|x64
		{8B5A0799-A924-3B96-A2B9-1B626C212AF7}.Debug|x64.Build.0 = Debug|x64
		{8B5A0799-A924-3B96-A2B9-1B626C212AF7}.Release|x64.ActiveCfg = Release|x64
		{8B5A0799-A924-3B96-A2B9-1B626C212AF7}.Release|x64.Build.0 = Release|x64
	EndGlobalSection
	GlobalSection(SolutionProperties) = preSolution
		HideSolutionNode = FALSE
	EndGlobalSection
	GlobalSection(ExtensibilityGlobals) = postSolution
		SolutionGuid = {D245F626-C4A2-4216-9D72-CC723FDEAA7D}
	EndGlobalSection
EndGlobal
